
Microsoft Visual Studio Solution File, Format Version 12.00
# Visual Studio 2013
VisualStudioVersion = 12.0.21005.1
MinimumVisualStudioVersion = 10.0.40219.1
Project("{FAE04EC0-301F-11D3-BF4B-00C04F79EFBC}") = "MiMusica.Persistencia", "MiMusica.Persistencia\MiMusica.Persistencia.csproj", "{B0BC936E-09BF-420A-B78A-58846F102071}"
EndProject
Project("{FAE04EC0-301F-11D3-BF4B-00C04F79EFBC}") = "MiMusica.Web", "MiMusica.Web\MiMusica.Web.csproj", "{E46D2D8E-26B6-41EC-854F-88BC7638EFB9}"
EndProject
Global
	GlobalSection(SolutionConfigurationPlatforms) = preSolution
		Debug|Any CPU = Debug|Any CPU
		Release|Any CPU = Release|Any CPU
	EndGlobalSection
	GlobalSection(ProjectConfigurationPlatforms) = postSolution
		{B0BC936E-09BF-420A-B78A-58846F102071}.Debug|Any CPU.ActiveCfg = Debug|Any CPU
		{B0BC936E-09BF-420A-B78A-58846F102071}.Debug|Any CPU.Build.0 = Debug|Any CPU
		{B0BC936E-09BF-420A-B78A-58846F102071}.Release|Any CPU.ActiveCfg = Release|Any CPU
		{B0BC936E-09BF-420A-B78A-58846F102071}.Release|Any CPU.Build.0 = Release|Any CPU
		{E46D2D8E-26B6-41EC-854F-88BC7638EFB9}.Debug|Any CPU.ActiveCfg = Debug|Any CPU
		{E46D2D8E-26B6-41EC-854F-88BC7638EFB9}.Debug|Any CPU.Build.0 = Debug|Any CPU
		{E46D2D8E-26B6-41EC-854F-88BC7638EFB9}.Release|Any CPU.ActiveCfg = Release|Any CPU
		{E46D2D8E-26B6-41EC-854F-88BC7638EFB9}.Release|Any CPU.Build.0 = Release|Any CPU
	EndGlobalSection
	GlobalSection(SolutionProperties) = preSolution
		HideSolutionNode = FALSE
	EndGlobalSection
EndGlobal
